<?xml version="1.0" encoding="utf-8"?>
<Project ToolsVersion="4.0" xmlns="http://schemas.microsoft.com/developer/msbuild/2003">
  <ItemGroup>
    <Filter Include="ZaCherno">
      <UniqueIdentifier>{9F128659-8BDF-E064-B4F8-CE0CA02416F3}</UniqueIdentifier>
    </Filter>
  </ItemGroup>
  <ItemGroup>
    <ClInclude Include="src\ZaCherno.h" />
    <ClInclude Include="src\ZaCherno\Application.h">
      <Filter>ZaCherno</Filter>
    </ClInclude>
    <ClInclude Include="src\ZaCherno\Core.h">
      <Filter>ZaCherno</Filter>
    </ClInclude>
    <ClInclude Include="src\ZaCherno\EntryPoint.h">
      <Filter>ZaCherno</Filter>
    </ClInclude>
    <ClInclude Include="src\ZaCherno\Log.h">
      <Filter>ZaCherno</Filter>
    </ClInclude>
  </ItemGroup>
  <ItemGroup>
    <ClCompile Include="src\ZaCherno\Application.cpp">
      <Filter>ZaCherno</Filter>
    </ClCompile>
    <ClCompile Include="src\ZaCherno\Log.cpp">
      <Filter>ZaCherno</Filter>
    </ClCompile>
  </ItemGroup>
</Project>